// !$*UTF8*$!
{
	archiveVersion = 1;
	classes = {
	};
	objectVersion = 77;
	objects = {

/* Begin PBXBuildFile section */
		0B8F19BA2F6DD3B705F36AE4 /* SourceManagerView.swift in Sources */ = {isa = PBXBuildFile; fileRef = 048719A6C3814E70ECE16FB8 /* SourceManagerView.swift */; };
		0B93F6D1056AE1362FE8965C /* ShortcutSystem.swift in Sources */ = {isa = PBXBuildFile; fileRef = 04957063F0E0AEF64D673B82 /* ShortcutSystem.swift */; };
		0F085182EF603949A0DA55FB /* CineLarkUHDNow in Frameworks */ = {isa = PBXBuildFile; productRef = 04837E25759D13DE17309CDB /* CineLarkUHDNow */; };
		0FBA55BD2D5A9E90186B12A9 /* ImagePipeline.swift in Sources */ = {isa = PBXBuildFile; fileRef = E446DFF475AB6BE1AC655007 /* ImagePipeline.swift */; };
		11E3F99E5967705FE89E49D9 /* CatalogMediaDetailView.swift in Sources */ = {isa = PBXBuildFile; fileRef = 232C8DC8AA17A67BDA99EA74 /* CatalogMediaDetailView.swift */; };
		13630BBC29C3C492B4654364 /* ProfileClient.swift in Sources */ = {isa = PBXBuildFile; fileRef = A2DDA761914179739FB3EA96 /* ProfileClient.swift */; };
		1B7F01EBA86DBED26D6882EA /* LibraryView.swift in Sources */ = {isa = PBXBuildFile; fileRef = B054FB68231FF0E76CF25C1B /* LibraryView.swift */; };
		1B92BA3171C2C64DEBDD3F98 /* ProfileFeature.swift in Sources */ = {isa = PBXBuildFile; fileRef = 27DE827C3BAFCA579A7111CA /* ProfileFeature.swift */; };
		1CBF7EEB637D29A2147ADDB0 /* CineLarkRemote in Frameworks */ = {isa = PBXBuildFile; productRef = DA39EA08D22C8CAC956A0432 /* CineLarkRemote */; };
		1DDACF1A31BC94722C7EC0A0 /* ProfileFeatureTests.swift in Sources */ = {isa = PBXBuildFile; fileRef = 4CE0F5D5A43ED4E4F1771BBB /* ProfileFeatureTests.swift */; };
		2018937F5ABAD73AF2A1A1D7 /* CacheFeatureTests.swift in Sources */ = {isa = PBXBuildFile; fileRef = 44E630295E91495671DCDF26 /* CacheFeatureTests.swift */; };
		2463788D3183E8D22727C692 /* MediaFormatting.swift in Sources */ = {isa = PBXBuildFile; fileRef = 11E72F191AE8AB81C1DD9B26 /* MediaFormatting.swift */; };
		24DC5BDFA79938311FD1F619 /* RemotePanelDismissalRegistry.swift in Sources */ = {isa = PBXBuildFile; fileRef = ACDBFFD4519D0B5771DDEE2E /* RemotePanelDismissalRegistry.swift */; };
		33A2489883DF240055FA80B1 /* CineLarkCatalog in Frameworks */ = {isa = PBXBuildFile; productRef = ED44BD808BB494C9D11A6443 /* CineLarkCatalog */; };
		37831B90F652ABEDC3B9AD6E /* PersonDetailFeatureTests.swift in Sources */ = {isa = PBXBuildFile; fileRef = 56BD51FDFEAEB3627F3035A2 /* PersonDetailFeatureTests.swift */; };
		37C2F41B8BAEFD7604131113 /* RemoteNetworkAddress.swift in Sources */ = {isa = PBXBuildFile; fileRef = FEF6B080944328AF6A2DF88A /* RemoteNetworkAddress.swift */; };
		3904F94F9D86651D84E1B120 /* PersonDetailFeature.swift in Sources */ = {isa = PBXBuildFile; fileRef = E2CB659FDF0605362B13268C /* PersonDetailFeature.swift */; };
		3DC480A34A2E9F941798EC78 /* RemoteFeature.swift in Sources */ = {isa = PBXBuildFile; fileRef = 68E5C0F6A5282B15131E40D3 /* RemoteFeature.swift */; };
		45E2048B8A2A19D95ED13C04 /* LibraryFeatureTests.swift in Sources */ = {isa = PBXBuildFile; fileRef = 0654E9CA1587D965FE7FF5C5 /* LibraryFeatureTests.swift */; };
		45EDA20FCB91403283F022C5 /* NavigationFeatureTests.swift in Sources */ = {isa = PBXBuildFile; fileRef = 75AEA47F2E7143E470FB5199 /* NavigationFeatureTests.swift */; };
		480AB07562B599BBE5221A35 /* RemoteSettingsView.swift in Sources */ = {isa = PBXBuildFile; fileRef = 6E4518583C6B1C7C8033319D /* RemoteSettingsView.swift */; };
		4987EEDADE0D28BDCBF0B837 /* SearchFeature.swift in Sources */ = {isa = PBXBuildFile; fileRef = 3DCA82E7664EB6515BBC721A /* SearchFeature.swift */; };
		4D75A4806B42544A311B772D /* CineLarkPluginAPI in Frameworks */ = {isa = PBXBuildFile; productRef = 61FCA7C23186B524EDA5D2A3 /* CineLarkPluginAPI */; };
		50C2E4C621EE14A3F8FC8F8C /* PlaybackFeatureTests.swift in Sources */ = {isa = PBXBuildFile; fileRef = 5548670FC4361CEC3CFA4299 /* PlaybackFeatureTests.swift */; };
		5126FC38625ABCF0CE1B2750 /* RemoteTextInputCoordinatorTests.swift in Sources */ = {isa = PBXBuildFile; fileRef = 9E60EA4B37ECDE5FB62CA0F6 /* RemoteTextInputCoordinatorTests.swift */; };
		60E87CBD296DBB0002DBE6AF /* CatalogLibraryViews.swift in Sources */ = {isa = PBXBuildFile; fileRef = 965C389DF3862C0DB2CBA4E0 /* CatalogLibraryViews.swift */; };
		6117EFABC0800D3F9BF6EE20 /* RemoteFeatureTests.swift in Sources */ = {isa = PBXBuildFile; fileRef = 8600FB58205A364EA54AD224 /* RemoteFeatureTests.swift */; };
		6BBD5F518C903329BDE07471 /* SearchView.swift in Sources */ = {isa = PBXBuildFile; fileRef = 395BB40B27A65E50568ACD66 /* SearchView.swift */; };
		70C14D59345F72DEB66B532A /* Sparkle in Frameworks */ = {isa = PBXBuildFile; productRef = 8EA55C2C2EAB1572004F61D1 /* Sparkle */; };
		72B21307E5B42A9A9CE3E3E7 /* ComposableArchitecture in Frameworks */ = {isa = PBXBuildFile; productRef = E2A406AD72EA115EBB7078DF /* ComposableArchitecture */; };
		7650F3757844A96D543171D3 /* CineLarkSettingsView.swift in Sources */ = {isa = PBXBuildFile; fileRef = CB47DF5FBB63F7B997DE32D6 /* CineLarkSettingsView.swift */; };
		7FD6FC460F299A30B2CF86E3 /* PlaybackEngineClient.swift in Sources */ = {isa = PBXBuildFile; fileRef = 483EBAF59527918EC755E9DB /* PlaybackEngineClient.swift */; };
		8DFAB7061F5A026730AE9BE7 /* InsightsView.swift in Sources */ = {isa = PBXBuildFile; fileRef = 0655AD5F6065C2C7D3995483 /* InsightsView.swift */; };
		960EB8C065B6371FC7BE7795 /* CatalogPersonDetailView.swift in Sources */ = {isa = PBXBuildFile; fileRef = AA2B841298AED234E26DF707 /* CatalogPersonDetailView.swift */; };
		9E77C3A3A69B22DCE4090CC1 /* CineLarkDomain in Frameworks */ = {isa = PBXBuildFile; productRef = A749D953D7ACF6BC4D462B11 /* CineLarkDomain */; };
		9F58F9BAE526FBA7C72D2E66 /* SparkleUpdateViews.swift in Sources */ = {isa = PBXBuildFile; fileRef = A0D1C3B91534B390EFC9F800 /* SparkleUpdateViews.swift */; };
		A06B9DC0BD495F055D07289C /* CacheFeature.swift in Sources */ = {isa = PBXBuildFile; fileRef = 07A58D0EF3507067E08D62E4 /* CacheFeature.swift */; };
		AB1FA9650C4D01D6B3062FCA /* LibraryFeature.swift in Sources */ = {isa = PBXBuildFile; fileRef = 83FAAB742010ABD4505B99A7 /* LibraryFeature.swift */; };
		AD35F8FB63FF52A556814D76 /* ArtworkView.swift in Sources */ = {isa = PBXBuildFile; fileRef = 883B64BCA708D6239E86FF3B /* ArtworkView.swift */; };
		AFDA797DE940F64692C23F6C /* RemoteTextInputCoordinator.swift in Sources */ = {isa = PBXBuildFile; fileRef = E765B55C29005B0C9C68A0A9 /* RemoteTextInputCoordinator.swift */; };
		B05299F38635BB6EA6EBF3E8 /* CineLarkProfile in Frameworks */ = {isa = PBXBuildFile; productRef = 522AA628FF213923A1A29558 /* CineLarkProfile */; };
		B3AE41D5BF04A4DEE93A0AF9 /* AppIcon.icon in Resources */ = {isa = PBXBuildFile; fileRef = FA9FAFAB2F795541DE7F6F3C /* AppIcon.icon */; };
		B489F5A60889975CD929D5D1 /* CineLarkInsights in Frameworks */ = {isa = PBXBuildFile; productRef = A5F41B63B64DD1A1C43C5065 /* CineLarkInsights */; };
		B4998074AD9C965119C43208 /* PlaybackFeature.swift in Sources */ = {isa = PBXBuildFile; fileRef = 7257ED47B2CE73E1F0F7DD03 /* PlaybackFeature.swift */; };
		B66DCBFC161D52E2F3E105B2 /* CacheClient.swift in Sources */ = {isa = PBXBuildFile; fileRef = AFC11B6AFF2F9EBF0DB232C7 /* CacheClient.swift */; };
		BACE446FC6892B1913D8E6C3 /* CineLarkEmby in Frameworks */ = {isa = PBXBuildFile; productRef = 76C30DEFEA4BD9573ED5ACE2 /* CineLarkEmby */; };
		BB6D0C0DE61F072000488C29 /* RemotePanelDismissalRegistryTests.swift in Sources */ = {isa = PBXBuildFile; fileRef = 408BF65EDA243EF9A542F05A /* RemotePanelDismissalRegistryTests.swift */; };
		BD2B0437A28E2E7431E58D04 /* CineLarkBrandMark.swift in Sources */ = {isa = PBXBuildFile; fileRef = CCF7F76F1708A2B088F76C39 /* CineLarkBrandMark.swift */; };
		BE316598EA15FDB3B0142452 /* MediaContextEnvironment.swift in Sources */ = {isa = PBXBuildFile; fileRef = FCDEE95A952E66534D116C0F /* MediaContextEnvironment.swift */; };
		BFF55C8B9525BAB42F86B196 /* MediaPlatformClient.swift in Sources */ = {isa = PBXBuildFile; fileRef = F8D9163E7743A6F7896464B2 /* MediaPlatformClient.swift */; };
		C65461DB8956AF9C333324AD /* maskAppIcon.png in Resources */ = {isa = PBXBuildFile; fileRef = 245182FAC942098C02AE2A42 /* maskAppIcon.png */; };
		C97C9FBA6C11B63048E5E510 /* MediaDetailFeature.swift in Sources */ = {isa = PBXBuildFile; fileRef = B045701A3B4DC2A4B1127098 /* MediaDetailFeature.swift */; };
		C9B599AE3BE2BE2FB76083B8 /* SearchFeatureTests.swift in Sources */ = {isa = PBXBuildFile; fileRef = 3F3A77C807B3FC326047D838 /* SearchFeatureTests.swift */; };
		CDA4EFDF1922935BB54F169E /* NavigationFeature.swift in Sources */ = {isa = PBXBuildFile; fileRef = DC8129EC82C531D382AA1497 /* NavigationFeature.swift */; };
		D449539E42C6AAB50207B561 /* AppFeatureTests.swift in Sources */ = {isa = PBXBuildFile; fileRef = 3ABABA128E2A0D311D6A7F7D /* AppFeatureTests.swift */; };
		D4A3375820C95BFF5B7AA2F7 /* AppLanguage.swift in Sources */ = {isa = PBXBuildFile; fileRef = F3E20D588912F0D88C2F56C8 /* AppLanguage.swift */; };
		D6801076D0A0DB015F0E3D44 /* InsightsFeatureTests.swift in Sources */ = {isa = PBXBuildFile; fileRef = 1A871399EF1660889251D88E /* InsightsFeatureTests.swift */; };
		D87EA7C5E146B8CC38BA3CE0 /* InsightsClient.swift in Sources */ = {isa = PBXBuildFile; fileRef = 857DD9E06E6144872C3D90BE /* InsightsClient.swift */; };
		D9A6D26E54F24FD83C78A2CB /* InteractiveStyles.swift in Sources */ = {isa = PBXBuildFile; fileRef = F130F10368D8C9CE780999BB /* InteractiveStyles.swift */; };
		DBC0D6DCB854131AB19D1E30 /* CineLarkPlayback in Frameworks */ = {isa = PBXBuildFile; productRef = AA501AC6C8C7D61D9DA24810 /* CineLarkPlayback */; };
		DE9522F74D309469302B2E22 /* CineLarkGateway in Frameworks */ = {isa = PBXBuildFile; productRef = D41B1256FCBEC65488513032 /* CineLarkGateway */; };
		DF00A4DFAE78797CF8121F51 /* RemoteClient.swift in Sources */ = {isa = PBXBuildFile; fileRef = 360AD552BCFF1067195D57F8 /* RemoteClient.swift */; };
		E0FD14EF20191C638ADD81B9 /* MediaCard.swift in Sources */ = {isa = PBXBuildFile; fileRef = A02668E828AF3DF47ADD782D /* MediaCard.swift */; };
		E4CE3CB8193DD43DDAB5A5C8 /* SourceFeature.swift in Sources */ = {isa = PBXBuildFile; fileRef = 97BE8DB4F32948DCCBD3C259 /* SourceFeature.swift */; };
		E86B837DE97F89B64955FEB4 /* Kingfisher in Frameworks */ = {isa = PBXBuildFile; productRef = E6C9969F909E6E89FA05FD2C /* Kingfisher */; };
		EF43F60C5072DADF24BA1C45 /* AppFeature.swift in Sources */ = {isa = PBXBuildFile; fileRef = A570156F083A81A915DF2815 /* AppFeature.swift */; };
		EF4E62F26D7A69E13E8531B9 /* CineLarkAppDelegate.swift in Sources */ = {isa = PBXBuildFile; fileRef = B08A8B1D616822F23271FF8A /* CineLarkAppDelegate.swift */; };
		F2C14971F92D729F13D53F3C /* RemoteNetworkAddressTests.swift in Sources */ = {isa = PBXBuildFile; fileRef = B532E84E86C995C4C7436EB0 /* RemoteNetworkAddressTests.swift */; };
		F331C69F1CE8A81083D7126B /* CacheSettingsView.swift in Sources */ = {isa = PBXBuildFile; fileRef = 90723D0B7D689218047E2149 /* CacheSettingsView.swift */; };
		F572ACAB3B95DE4822E99C94 /* RemoteCoordinator.swift in Sources */ = {isa = PBXBuildFile; fileRef = D346A47A7846ACCD319604CE /* RemoteCoordinator.swift */; };
		F6FA9B86D4977FD3DDEE9100 /* CineLarkPersistence in Frameworks */ = {isa = PBXBuildFile; productRef = 0DF4E3AD538E0D86CCDBFF48 /* CineLarkPersistence */; };
		FB38130CCDF118323233623C /* CineLarkApp.swift in Sources */ = {isa = PBXBuildFile; fileRef = DF1BEAD272C89D962C8DB178 /* CineLarkApp.swift */; };
		FB650FF02184DCAD4CB1DED2 /* RootView.swift in Sources */ = {isa = PBXBuildFile; fileRef = 7645BC2B798D0AEDE94D2340 /* RootView.swift */; };
		FDBDFC4BE924330ACA55681F /* InsightsFeature.swift in Sources */ = {isa = PBXBuildFile; fileRef = E3E16B6ECC6BBC298875433F /* InsightsFeature.swift */; };
		FEF442E4AE9C6B9B723AF707 /* Localizable.strings in Resources */ = {isa = PBXBuildFile; fileRef = E717D917BD15FA54CE607D7F /* Localizable.strings */; };
/* End PBXBuildFile section */

/* Begin PBXContainerItemProxy section */
		09BC705149D1DEDEA167F379 /* PBXContainerItemProxy */ = {
			isa = PBXContainerItemProxy;
			containerPortal = F34B76E53EBC8AEB1DD7B199 /* Project object */;
			proxyType = 1;
			remoteGlobalIDString = B2701EC98C811CAD1D5C76B6;
			remoteInfo = CineLark;
		};
/* End PBXContainerItemProxy section */

/* Begin PBXFileReference section */
		048719A6C3814E70ECE16FB8 /* SourceManagerView.swift */ = {isa = PBXFileReference; lastKnownFileType = sourcecode.swift; path = SourceManagerView.swift; sourceTree = "<group>"; };
		04957063F0E0AEF64D673B82 /* ShortcutSystem.swift */ = {isa = PBXFileReference; lastKnownFileType = sourcecode.swift; path = ShortcutSystem.swift; sourceTree = "<group>"; };
		0654E9CA1587D965FE7FF5C5 /* LibraryFeatureTests.swift */ = {isa = PBXFileReference; lastKnownFileType = sourcecode.swift; path = LibraryFeatureTests.swift; sourceTree = "<group>"; };
		0655AD5F6065C2C7D3995483 /* InsightsView.swift */ = {isa = PBXFileReference; lastKnownFileType = sourcecode.swift; path = InsightsView.swift; sourceTree = "<group>"; };
		07A58D0EF3507067E08D62E4 /* CacheFeature.swift */ = {isa = PBXFileReference; lastKnownFileType = sourcecode.swift; path = CacheFeature.swift; sourceTree = "<group>"; };
		11E72F191AE8AB81C1DD9B26 /* MediaFormatting.swift */ = {isa = PBXFileReference; lastKnownFileType = sourcecode.swift; path = MediaFormatting.swift; sourceTree = "<group>"; };
		1A871399EF1660889251D88E /* InsightsFeatureTests.swift */ = {isa = PBXFileReference; lastKnownFileType = sourcecode.swift; path = InsightsFeatureTests.swift; sourceTree = "<group>"; };
		232C8DC8AA17A67BDA99EA74 /* CatalogMediaDetailView.swift */ = {isa = PBXFileReference; lastKnownFileType = sourcecode.swift; path = CatalogMediaDetailView.swift; sourceTree = "<group>"; };
		245182FAC942098C02AE2A42 /* maskAppIcon.png */ = {isa = PBXFileReference; lastKnownFileType = image.png; path = maskAppIcon.png; sourceTree = "<group>"; };
		27DE827C3BAFCA579A7111CA /* ProfileFeature.swift */ = {isa = PBXFileReference; lastKnownFileType = sourcecode.swift; path = ProfileFeature.swift; sourceTree = "<group>"; };
		360AD552BCFF1067195D57F8 /* RemoteClient.swift */ = {isa = PBXFileReference; lastKnownFileType = sourcecode.swift; path = RemoteClient.swift; sourceTree = "<group>"; };
		395BB40B27A65E50568ACD66 /* SearchView.swift */ = {isa = PBXFileReference; lastKnownFileType = sourcecode.swift; path = SearchView.swift; sourceTree = "<group>"; };
		3ABABA128E2A0D311D6A7F7D /* AppFeatureTests.swift */ = {isa = PBXFileReference; lastKnownFileType = sourcecode.swift; path = AppFeatureTests.swift; sourceTree = "<group>"; };
		3DCA82E7664EB6515BBC721A /* SearchFeature.swift */ = {isa = PBXFileReference; lastKnownFileType = sourcecode.swift; path = SearchFeature.swift; sourceTree = "<group>"; };
		3F3A77C807B3FC326047D838 /* SearchFeatureTests.swift */ = {isa = PBXFileReference; lastKnownFileType = sourcecode.swift; path = SearchFeatureTests.swift; sourceTree = "<group>"; };
		408BF65EDA243EF9A542F05A /* RemotePanelDismissalRegistryTests.swift */ = {isa = PBXFileReference; lastKnownFileType = sourcecode.swift; path = RemotePanelDismissalRegistryTests.swift; sourceTree = "<group>"; };
		44E630295E91495671DCDF26 /* CacheFeatureTests.swift */ = {isa = PBXFileReference; lastKnownFileType = sourcecode.swift; path = CacheFeatureTests.swift; sourceTree = "<group>"; };
		483EBAF59527918EC755E9DB /* PlaybackEngineClient.swift */ = {isa = PBXFileReference; lastKnownFileType = sourcecode.swift; path = PlaybackEngineClient.swift; sourceTree = "<group>"; };
		4CE0F5D5A43ED4E4F1771BBB /* ProfileFeatureTests.swift */ = {isa = PBXFileReference; lastKnownFileType = sourcecode.swift; path = ProfileFeatureTests.swift; sourceTree = "<group>"; };
		5453DD1F20CC657FE244EC32 /* en */ = {isa = PBXFileReference; lastKnownFileType = text.plist.strings; name = en; path = en.lproj/Localizable.strings; sourceTree = "<group>"; };
		5548670FC4361CEC3CFA4299 /* PlaybackFeatureTests.swift */ = {isa = PBXFileReference; lastKnownFileType = sourcecode.swift; path = PlaybackFeatureTests.swift; sourceTree = "<group>"; };
		56BD51FDFEAEB3627F3035A2 /* PersonDetailFeatureTests.swift */ = {isa = PBXFileReference; lastKnownFileType = sourcecode.swift; path = PersonDetailFeatureTests.swift; sourceTree = "<group>"; };
		5A2B52C7CCEA6A44B30EEBF8 /* CineLark.app */ = {isa = PBXFileReference; explicitFileType = wrapper.application; includeInIndex = 0; path = CineLark.app; sourceTree = BUILT_PRODUCTS_DIR; };
		68E5C0F6A5282B15131E40D3 /* RemoteFeature.swift */ = {isa = PBXFileReference; lastKnownFileType = sourcecode.swift; path = RemoteFeature.swift; sourceTree = "<group>"; };
		6E4518583C6B1C7C8033319D /* RemoteSettingsView.swift */ = {isa = PBXFileReference; lastKnownFileType = sourcecode.swift; path = RemoteSettingsView.swift; sourceTree = "<group>"; };
		6EB4E7379D1569F779BAF6CF /* zh-Hans */ = {isa = PBXFileReference; lastKnownFileType = text.plist.strings; name = "zh-Hans"; path = "zh-Hans.lproj/Localizable.strings"; sourceTree = "<group>"; };
		7257ED47B2CE73E1F0F7DD03 /* PlaybackFeature.swift */ = {isa = PBXFileReference; lastKnownFileType = sourcecode.swift; path = PlaybackFeature.swift; sourceTree = "<group>"; };
		75AEA47F2E7143E470FB5199 /* NavigationFeatureTests.swift */ = {isa = PBXFileReference; lastKnownFileType = sourcecode.swift; path = NavigationFeatureTests.swift; sourceTree = "<group>"; };
		7645BC2B798D0AEDE94D2340 /* RootView.swift */ = {isa = PBXFileReference; lastKnownFileType = sourcecode.swift; path = RootView.swift; sourceTree = "<group>"; };
		83FAAB742010ABD4505B99A7 /* LibraryFeature.swift */ = {isa = PBXFileReference; lastKnownFileType = sourcecode.swift; path = LibraryFeature.swift; sourceTree = "<group>"; };
		857DD9E06E6144872C3D90BE /* InsightsClient.swift */ = {isa = PBXFileReference; lastKnownFileType = sourcecode.swift; path = InsightsClient.swift; sourceTree = "<group>"; };
		8600FB58205A364EA54AD224 /* RemoteFeatureTests.swift */ = {isa = PBXFileReference; lastKnownFileType = sourcecode.swift; path = RemoteFeatureTests.swift; sourceTree = "<group>"; };
		883B64BCA708D6239E86FF3B /* ArtworkView.swift */ = {isa = PBXFileReference; lastKnownFileType = sourcecode.swift; path = ArtworkView.swift; sourceTree = "<group>"; };
		90723D0B7D689218047E2149 /* CacheSettingsView.swift */ = {isa = PBXFileReference; lastKnownFileType = sourcecode.swift; path = CacheSettingsView.swift; sourceTree = "<group>"; };
		965C389DF3862C0DB2CBA4E0 /* CatalogLibraryViews.swift */ = {isa = PBXFileReference; lastKnownFileType = sourcecode.swift; path = CatalogLibraryViews.swift; sourceTree = "<group>"; };
		97BE8DB4F32948DCCBD3C259 /* SourceFeature.swift */ = {isa = PBXFileReference; lastKnownFileType = sourcecode.swift; path = SourceFeature.swift; sourceTree = "<group>"; };
		9E60EA4B37ECDE5FB62CA0F6 /* RemoteTextInputCoordinatorTests.swift */ = {isa = PBXFileReference; lastKnownFileType = sourcecode.swift; path = RemoteTextInputCoordinatorTests.swift; sourceTree = "<group>"; };
		A02668E828AF3DF47ADD782D /* MediaCard.swift */ = {isa = PBXFileReference; lastKnownFileType = sourcecode.swift; path = MediaCard.swift; sourceTree = "<group>"; };
		A0D1C3B91534B390EFC9F800 /* SparkleUpdateViews.swift */ = {isa = PBXFileReference; lastKnownFileType = sourcecode.swift; path = SparkleUpdateViews.swift; sourceTree = "<group>"; };
		A2DDA761914179739FB3EA96 /* ProfileClient.swift */ = {isa = PBXFileReference; lastKnownFileType = sourcecode.swift; path = ProfileClient.swift; sourceTree = "<group>"; };
		A570156F083A81A915DF2815 /* AppFeature.swift */ = {isa = PBXFileReference; lastKnownFileType = sourcecode.swift; path = AppFeature.swift; sourceTree = "<group>"; };
		AA2B841298AED234E26DF707 /* CatalogPersonDetailView.swift */ = {isa = PBXFileReference; lastKnownFileType = sourcecode.swift; path = CatalogPersonDetailView.swift; sourceTree = "<group>"; };
		ACDBFFD4519D0B5771DDEE2E /* RemotePanelDismissalRegistry.swift */ = {isa = PBXFileReference; lastKnownFileType = sourcecode.swift; path = RemotePanelDismissalRegistry.swift; sourceTree = "<group>"; };
		AFC11B6AFF2F9EBF0DB232C7 /* CacheClient.swift */ = {isa = PBXFileReference; lastKnownFileType = sourcecode.swift; path = CacheClient.swift; sourceTree = "<group>"; };
		B045701A3B4DC2A4B1127098 /* MediaDetailFeature.swift */ = {isa = PBXFileReference; lastKnownFileType = sourcecode.swift; path = MediaDetailFeature.swift; sourceTree = "<group>"; };
		B054FB68231FF0E76CF25C1B /* LibraryView.swift */ = {isa = PBXFileReference; lastKnownFileType = sourcecode.swift; path = LibraryView.swift; sourceTree = "<group>"; };
		B08A8B1D616822F23271FF8A /* CineLarkAppDelegate.swift */ = {isa = PBXFileReference; lastKnownFileType = sourcecode.swift; path = CineLarkAppDelegate.swift; sourceTree = "<group>"; };
		B532E84E86C995C4C7436EB0 /* RemoteNetworkAddressTests.swift */ = {isa = PBXFileReference; lastKnownFileType = sourcecode.swift; path = RemoteNetworkAddressTests.swift; sourceTree = "<group>"; };
		B5976220527170DE4D05D69F /* CineLarkKit */ = {isa = PBXFileReference; lastKnownFileType = folder; name = CineLarkKit; path = ../../packages/apple/CineLarkKit; sourceTree = SOURCE_ROOT; };
		CB47DF5FBB63F7B997DE32D6 /* CineLarkSettingsView.swift */ = {isa = PBXFileReference; lastKnownFileType = sourcecode.swift; path = CineLarkSettingsView.swift; sourceTree = "<group>"; };
		CCF7F76F1708A2B088F76C39 /* CineLarkBrandMark.swift */ = {isa = PBXFileReference; lastKnownFileType = sourcecode.swift; path = CineLarkBrandMark.swift; sourceTree = "<group>"; };
		D346A47A7846ACCD319604CE /* RemoteCoordinator.swift */ = {isa = PBXFileReference; lastKnownFileType = sourcecode.swift; path = RemoteCoordinator.swift; sourceTree = "<group>"; };
		DC8129EC82C531D382AA1497 /* NavigationFeature.swift */ = {isa = PBXFileReference; lastKnownFileType = sourcecode.swift; path = NavigationFeature.swift; sourceTree = "<group>"; };
		DF1BEAD272C89D962C8DB178 /* CineLarkApp.swift */ = {isa = PBXFileReference; lastKnownFileType = sourcecode.swift; path = CineLarkApp.swift; sourceTree = "<group>"; };
		E2CB659FDF0605362B13268C /* PersonDetailFeature.swift */ = {isa = PBXFileReference; lastKnownFileType = sourcecode.swift; path = PersonDetailFeature.swift; sourceTree = "<group>"; };
		E3E16B6ECC6BBC298875433F /* InsightsFeature.swift */ = {isa = PBXFileReference; lastKnownFileType = sourcecode.swift; path = InsightsFeature.swift; sourceTree = "<group>"; };
		E446DFF475AB6BE1AC655007 /* ImagePipeline.swift */ = {isa = PBXFileReference; lastKnownFileType = sourcecode.swift; path = ImagePipeline.swift; sourceTree = "<group>"; };
		E480A05496A727D1021673B6 /* CineLarkTests.xctest */ = {isa = PBXFileReference; explicitFileType = wrapper.cfbundle; includeInIndex = 0; path = CineLarkTests.xctest; sourceTree = BUILT_PRODUCTS_DIR; };
		E765B55C29005B0C9C68A0A9 /* RemoteTextInputCoordinator.swift */ = {isa = PBXFileReference; lastKnownFileType = sourcecode.swift; path = RemoteTextInputCoordinator.swift; sourceTree = "<group>"; };
		F130F10368D8C9CE780999BB /* InteractiveStyles.swift */ = {isa = PBXFileReference; lastKnownFileType = sourcecode.swift; path = InteractiveStyles.swift; sourceTree = "<group>"; };
		F1D2496EB325A3E93FE941D2 /* Info.plist */ = {isa = PBXFileReference; lastKnownFileType = text.plist; path = Info.plist; sourceTree = "<group>"; };
		F3E20D588912F0D88C2F56C8 /* AppLanguage.swift */ = {isa = PBXFileReference; lastKnownFileType = sourcecode.swift; path = AppLanguage.swift; sourceTree = "<group>"; };
		F8D9163E7743A6F7896464B2 /* MediaPlatformClient.swift */ = {isa = PBXFileReference; lastKnownFileType = sourcecode.swift; path = MediaPlatformClient.swift; sourceTree = "<group>"; };
		FA9FAFAB2F795541DE7F6F3C /* AppIcon.icon */ = {isa = PBXFileReference; lastKnownFileType = wrapper.icon; path = AppIcon.icon; sourceTree = "<group>"; };
		FCDEE95A952E66534D116C0F /* MediaContextEnvironment.swift */ = {isa = PBXFileReference; lastKnownFileType = sourcecode.swift; path = MediaContextEnvironment.swift; sourceTree = "<group>"; };
		FEF6B080944328AF6A2DF88A /* RemoteNetworkAddress.swift */ = {isa = PBXFileReference; lastKnownFileType = sourcecode.swift; path = RemoteNetworkAddress.swift; sourceTree = "<group>"; };
/* End PBXFileReference section */

/* Begin PBXFrameworksBuildPhase section */
		1B912C2AFF344F3822483070 /* Frameworks */ = {
			isa = PBXFrameworksBuildPhase;
			buildActionMask = 2147483647;
			files = (
				9E77C3A3A69B22DCE4090CC1 /* CineLarkDomain in Frameworks */,
				4D75A4806B42544A311B772D /* CineLarkPluginAPI in Frameworks */,
				33A2489883DF240055FA80B1 /* CineLarkCatalog in Frameworks */,
				B05299F38635BB6EA6EBF3E8 /* CineLarkProfile in Frameworks */,
				B489F5A60889975CD929D5D1 /* CineLarkInsights in Frameworks */,
				BACE446FC6892B1913D8E6C3 /* CineLarkEmby in Frameworks */,
				0F085182EF603949A0DA55FB /* CineLarkUHDNow in Frameworks */,
				F6FA9B86D4977FD3DDEE9100 /* CineLarkPersistence in Frameworks */,
				DBC0D6DCB854131AB19D1E30 /* CineLarkPlayback in Frameworks */,
				1CBF7EEB637D29A2147ADDB0 /* CineLarkRemote in Frameworks */,
				DE9522F74D309469302B2E22 /* CineLarkGateway in Frameworks */,
				E86B837DE97F89B64955FEB4 /* Kingfisher in Frameworks */,
				70C14D59345F72DEB66B532A /* Sparkle in Frameworks */,
				72B21307E5B42A9A9CE3E3E7 /* ComposableArchitecture in Frameworks */,
			);
			runOnlyForDeploymentPostprocessing = 0;
		};
/* End PBXFrameworksBuildPhase section */

/* Begin PBXGroup section */
		5F64A6E4270ADD3DDBBFD23C /* Tests */ = {
			isa = PBXGroup;
			children = (
				3ABABA128E2A0D311D6A7F7D /* AppFeatureTests.swift */,
				44E630295E91495671DCDF26 /* CacheFeatureTests.swift */,
				1A871399EF1660889251D88E /* InsightsFeatureTests.swift */,
				0654E9CA1587D965FE7FF5C5 /* LibraryFeatureTests.swift */,
				75AEA47F2E7143E470FB5199 /* NavigationFeatureTests.swift */,
				56BD51FDFEAEB3627F3035A2 /* PersonDetailFeatureTests.swift */,
				5548670FC4361CEC3CFA4299 /* PlaybackFeatureTests.swift */,
				4CE0F5D5A43ED4E4F1771BBB /* ProfileFeatureTests.swift */,
				8600FB58205A364EA54AD224 /* RemoteFeatureTests.swift */,
				B532E84E86C995C4C7436EB0 /* RemoteNetworkAddressTests.swift */,
				408BF65EDA243EF9A542F05A /* RemotePanelDismissalRegistryTests.swift */,
				9E60EA4B37ECDE5FB62CA0F6 /* RemoteTextInputCoordinatorTests.swift */,
				3F3A77C807B3FC326047D838 /* SearchFeatureTests.swift */,
			);
			path = Tests;
			sourceTree = "<group>";
		};
		64756295246527C1948FBAE2 /* Components */ = {
			isa = PBXGroup;
			children = (
				883B64BCA708D6239E86FF3B /* ArtworkView.swift */,
				CCF7F76F1708A2B088F76C39 /* CineLarkBrandMark.swift */,
				F130F10368D8C9CE780999BB /* InteractiveStyles.swift */,
				A02668E828AF3DF47ADD782D /* MediaCard.swift */,
				11E72F191AE8AB81C1DD9B26 /* MediaFormatting.swift */,
				04957063F0E0AEF64D673B82 /* ShortcutSystem.swift */,
			);
			path = Components;
			sourceTree = "<group>";
		};
		7F44B851852E4402BB9B8E4A /* Views */ = {
			isa = PBXGroup;
			children = (
				90723D0B7D689218047E2149 /* CacheSettingsView.swift */,
				965C389DF3862C0DB2CBA4E0 /* CatalogLibraryViews.swift */,
				232C8DC8AA17A67BDA99EA74 /* CatalogMediaDetailView.swift */,
				AA2B841298AED234E26DF707 /* CatalogPersonDetailView.swift */,
				CB47DF5FBB63F7B997DE32D6 /* CineLarkSettingsView.swift */,
				0655AD5F6065C2C7D3995483 /* InsightsView.swift */,
				B054FB68231FF0E76CF25C1B /* LibraryView.swift */,
				FCDEE95A952E66534D116C0F /* MediaContextEnvironment.swift */,
				6E4518583C6B1C7C8033319D /* RemoteSettingsView.swift */,
				7645BC2B798D0AEDE94D2340 /* RootView.swift */,
				395BB40B27A65E50568ACD66 /* SearchView.swift */,
				048719A6C3814E70ECE16FB8 /* SourceManagerView.swift */,
				64756295246527C1948FBAE2 /* Components */,
			);
			path = Views;
			sourceTree = "<group>";
		};
		82E93BDD7F66AC4FF0AD72D6 /* Resources */ = {
			isa = PBXGroup;
			children = (
				FA9FAFAB2F795541DE7F6F3C /* AppIcon.icon */,
				F1D2496EB325A3E93FE941D2 /* Info.plist */,
				245182FAC942098C02AE2A42 /* maskAppIcon.png */,
				E717D917BD15FA54CE607D7F /* Localizable.strings */,
			);
			path = Resources;
			sourceTree = "<group>";
		};
		ADBE4CF5D5F124D7E1C917BF /* Products */ = {
			isa = PBXGroup;
			children = (
				5A2B52C7CCEA6A44B30EEBF8 /* CineLark.app */,
				E480A05496A727D1021673B6 /* CineLarkTests.xctest */,
			);
			name = Products;
			sourceTree = "<group>";
		};
		B2ABD014FC07E30AB5D1D8EB = {
			isa = PBXGroup;
			children = (
				D481B8C38EA6B4E94332195A /* Packages */,
				82E93BDD7F66AC4FF0AD72D6 /* Resources */,
				E683FC99B39F259AC939008E /* Sources */,
				5F64A6E4270ADD3DDBBFD23C /* Tests */,
				ADBE4CF5D5F124D7E1C917BF /* Products */,
			);
			sourceTree = "<group>";
		};
		D481B8C38EA6B4E94332195A /* Packages */ = {
			isa = PBXGroup;
			children = (
				B5976220527170DE4D05D69F /* CineLarkKit */,
			);
			name = Packages;
			sourceTree = "<group>";
		};
		DF206D6F17E424F5DD12994A /* App */ = {
			isa = PBXGroup;
			children = (
				F3E20D588912F0D88C2F56C8 /* AppLanguage.swift */,
				DF1BEAD272C89D962C8DB178 /* CineLarkApp.swift */,
				B08A8B1D616822F23271FF8A /* CineLarkAppDelegate.swift */,
				A0D1C3B91534B390EFC9F800 /* SparkleUpdateViews.swift */,
			);
			path = App;
			sourceTree = "<group>";
		};
		E683FC99B39F259AC939008E /* Sources */ = {
			isa = PBXGroup;
			children = (
				DF206D6F17E424F5DD12994A /* App */,
				FB81EE5926EF33BAECFA4C5F /* Features */,
				EE94B8C4DDAD5E84212194DA /* Models */,
				7F44B851852E4402BB9B8E4A /* Views */,
			);
			path = Sources;
			sourceTree = "<group>";
		};
		EE94B8C4DDAD5E84212194DA /* Models */ = {
			isa = PBXGroup;
			children = (
				E446DFF475AB6BE1AC655007 /* ImagePipeline.swift */,
				D346A47A7846ACCD319604CE /* RemoteCoordinator.swift */,
				FEF6B080944328AF6A2DF88A /* RemoteNetworkAddress.swift */,
				ACDBFFD4519D0B5771DDEE2E /* RemotePanelDismissalRegistry.swift */,
				E765B55C29005B0C9C68A0A9 /* RemoteTextInputCoordinator.swift */,
			);
			path = Models;
			sourceTree = "<group>";
		};
		FB81EE5926EF33BAECFA4C5F /* Features */ = {
			isa = PBXGroup;
			children = (
				A570156F083A81A915DF2815 /* AppFeature.swift */,
				AFC11B6AFF2F9EBF0DB232C7 /* CacheClient.swift */,
				07A58D0EF3507067E08D62E4 /* CacheFeature.swift */,
				857DD9E06E6144872C3D90BE /* InsightsClient.swift */,
				E3E16B6ECC6BBC298875433F /* InsightsFeature.swift */,
				83FAAB742010ABD4505B99A7 /* LibraryFeature.swift */,
				B045701A3B4DC2A4B1127098 /* MediaDetailFeature.swift */,
				F8D9163E7743A6F7896464B2 /* MediaPlatformClient.swift */,
				DC8129EC82C531D382AA1497 /* NavigationFeature.swift */,
				E2CB659FDF0605362B13268C /* PersonDetailFeature.swift */,
				483EBAF59527918EC755E9DB /* PlaybackEngineClient.swift */,
				7257ED47B2CE73E1F0F7DD03 /* PlaybackFeature.swift */,
				A2DDA761914179739FB3EA96 /* ProfileClient.swift */,
				27DE827C3BAFCA579A7111CA /* ProfileFeature.swift */,
				360AD552BCFF1067195D57F8 /* RemoteClient.swift */,
				68E5C0F6A5282B15131E40D3 /* RemoteFeature.swift */,
				3DCA82E7664EB6515BBC721A /* SearchFeature.swift */,
				97BE8DB4F32948DCCBD3C259 /* SourceFeature.swift */,
			);
			path = Features;
			sourceTree = "<group>";
		};
/* End PBXGroup section */

/* Begin PBXNativeTarget section */
		15FE392FD4919BE266AA7239 /* CineLarkTests */ = {
			isa = PBXNativeTarget;
			buildConfigurationList = BEAAACBE5F1EECA15AC936CD /* Build configuration list for PBXNativeTarget "CineLarkTests" */;
			buildPhases = (
				9F8FD557FAB145A7CB8E94C4 /* Sources */,
			);
			buildRules = (
			);
			dependencies = (
				30D21C07B7EDDC3487B12282 /* PBXTargetDependency */,
			);
			name = CineLarkTests;
			packageProductDependencies = (
			);
			productName = CineLarkTests;
			productReference = E480A05496A727D1021673B6 /* CineLarkTests.xctest */;
			productType = "com.apple.product-type.bundle.unit-test";
		};
		B2701EC98C811CAD1D5C76B6 /* CineLark */ = {
			isa = PBXNativeTarget;
			buildConfigurationList = 93D2E70ECC7D23B201141482 /* Build configuration list for PBXNativeTarget "CineLark" */;
			buildPhases = (
				D847E16FD7ECAECE5B43419E /* Build Native Helpers */,
				2BD2F5D99F773CB80FE9680A /* Sources */,
				CEC9454EB6AD1A75EF31372A /* Resources */,
				1B912C2AFF344F3822483070 /* Frameworks */,
			);
			buildRules = (
			);
			dependencies = (
			);
			name = CineLark;
			packageProductDependencies = (
				A749D953D7ACF6BC4D462B11 /* CineLarkDomain */,
				61FCA7C23186B524EDA5D2A3 /* CineLarkPluginAPI */,
				ED44BD808BB494C9D11A6443 /* CineLarkCatalog */,
				522AA628FF213923A1A29558 /* CineLarkProfile */,
				A5F41B63B64DD1A1C43C5065 /* CineLarkInsights */,
				76C30DEFEA4BD9573ED5ACE2 /* CineLarkEmby */,
				04837E25759D13DE17309CDB /* CineLarkUHDNow */,
				0DF4E3AD538E0D86CCDBFF48 /* CineLarkPersistence */,
				AA501AC6C8C7D61D9DA24810 /* CineLarkPlayback */,
				DA39EA08D22C8CAC956A0432 /* CineLarkRemote */,
				D41B1256FCBEC65488513032 /* CineLarkGateway */,
				E6C9969F909E6E89FA05FD2C /* Kingfisher */,
				8EA55C2C2EAB1572004F61D1 /* Sparkle */,
				E2A406AD72EA115EBB7078DF /* ComposableArchitecture */,
			);
			productName = CineLark;
			productReference = 5A2B52C7CCEA6A44B30EEBF8 /* CineLark.app */;
			productType = "com.apple.product-type.application";
		};
/* End PBXNativeTarget section */

/* Begin PBXProject section */
		F34B76E53EBC8AEB1DD7B199 /* Project object */ = {
			isa = PBXProject;
			attributes = {
				BuildIndependentTargetsInParallel = YES;
				LastUpgradeCheck = 1430;
				TargetAttributes = {
					15FE392FD4919BE266AA7239 = {
						DevelopmentTeam = 4B8LRMN347;
						ProvisioningStyle = Automatic;
					};
					B2701EC98C811CAD1D5C76B6 = {
						DevelopmentTeam = 4B8LRMN347;
						ProvisioningStyle = Automatic;
					};
				};
			};
			buildConfigurationList = 41495EDA91181E7BB8024BBD /* Build configuration list for PBXProject "CineLark" */;
			developmentRegion = en;
			hasScannedForEncodings = 0;
			knownRegions = (
				Base,
				en,
				"zh-Hans",
			);
			mainGroup = B2ABD014FC07E30AB5D1D8EB;
			minimizedProjectReferenceProxies = 1;
			packageReferences = (
				AF6E7EFC1B93280EC3A3A46C /* XCRemoteSwiftPackageReference "swift-composable-architecture" */,
				1BD70C7F06E98826E21B12CB /* XCRemoteSwiftPackageReference "Kingfisher" */,
				1E1B1739F43B06B77FCE51C6 /* XCRemoteSwiftPackageReference "Sparkle" */,
				1A4251650E4F085C04F20600 /* XCLocalSwiftPackageReference "../../packages/apple/CineLarkKit" */,
			);
			preferredProjectObjectVersion = 77;
			productRefGroup = ADBE4CF5D5F124D7E1C917BF /* Products */;
			projectDirPath = "";
			projectRoot = "";
			targets = (
				B2701EC98C811CAD1D5C76B6 /* CineLark */,
				15FE392FD4919BE266AA7239 /* CineLarkTests */,
			);
		};
/* End PBXProject section */

/* Begin PBXResourcesBuildPhase section */
		CEC9454EB6AD1A75EF31372A /* Resources */ = {
			isa = PBXResourcesBuildPhase;
			buildActionMask = 2147483647;
			files = (
				B3AE41D5BF04A4DEE93A0AF9 /* AppIcon.icon in Resources */,
				FEF442E4AE9C6B9B723AF707 /* Localizable.strings in Resources */,
				C65461DB8956AF9C333324AD /* maskAppIcon.png in Resources */,
			);
			runOnlyForDeploymentPostprocessing = 0;
		};
/* End PBXResourcesBuildPhase section */

/* Begin PBXShellScriptBuildPhase section */
		D847E16FD7ECAECE5B43419E /* Build Native Helpers */ = {
			isa = PBXShellScriptBuildPhase;
			alwaysOutOfDate = 1;
			buildActionMask = 2147483647;
			files = (
			);
			inputFileListPaths = (
			);
			inputPaths = (
			);
			name = "Build Native Helpers";
			outputFileListPaths = (
			);
			outputPaths = (
			);
			runOnlyForDeploymentPostprocessing = 0;
			shellPath = /bin/sh;
			shellScript = "set -euo pipefail\nexport PATH=\"$HOME/.cargo/bin:/opt/homebrew/bin:$PATH\"\n\nROOT=\"$SRCROOT/../..\"\nHELPER_DIR=\"$TARGET_BUILD_DIR/$CONTENTS_FOLDER_PATH/Helpers\"\nRESOURCE_DIR=\"$TARGET_BUILD_DIR/$UNLOCALIZED_RESOURCES_FOLDER_PATH\"\nmkdir -p \"$HELPER_DIR\" \"$RESOURCE_DIR\"\nrm -f \"$HELPER_DIR/CineLarkBridge\" \"$HELPER_DIR/CineLarkRemoteGateway\"\n\nPROFILE_ARG=\"\"\nPROFILE_DIR=\"debug\"\nif [[ \"$CONFIGURATION\" == \"Release\" ]]; then\n  PROFILE_ARG=\"--release\"\n  PROFILE_DIR=\"release\"\nfi\n\nbuild_helper() {\n  local crate_name=\"$1\"\n  local binary_name=\"$2\"\n  local bundle_name=\"$3\"\n  local target_dir=\"$DERIVED_FILE_DIR/$crate_name\"\n  local crate=\"$ROOT/packages/rust/$crate_name/Cargo.toml\"\n  local binaries=()\n  mkdir -p \"$target_dir\"\n  for arch in ${ARCHS:-$(uname -m)}; do\n    case \"$arch\" in\n      arm64) rust_target=\"aarch64-apple-darwin\" ;;\n      x86_64) rust_target=\"x86_64-apple-darwin\" ;;\n      *) echo \"Unsupported helper architecture: $arch\" >&2; exit 1 ;;\n    esac\n    cargo +1.95.0 build --locked --manifest-path \"$crate\" --target-dir \"$target_dir\" --target \"$rust_target\" $PROFILE_ARG\n    binaries+=(\"$target_dir/$rust_target/$PROFILE_DIR/$binary_name\")\n  done\n  if [[ ${#binaries[@]} -eq 1 ]]; then\n    cp \"${binaries[0]}\" \"$HELPER_DIR/$bundle_name\"\n  else\n    /usr/bin/lipo -create \"${binaries[@]}\" -output \"$HELPER_DIR/$bundle_name\"\n  fi\n  if [[ \"$CONFIGURATION\" == \"Release\" ]]; then\n    /usr/bin/strip -x \"$HELPER_DIR/$bundle_name\"\n  fi\n  chmod 755 \"$HELPER_DIR/$bundle_name\"\n}\n\nbuild_helper \"cinelark-gateway\" \"cinelark-gateway\" \"CineLarkGateway\"\n\nrm -f \"$RESOURCE_DIR/CineLark.iinaplgz\"\n(cd \"$ROOT/plugins/iina\" && /usr/bin/zip -q -r \"$RESOURCE_DIR/CineLark.iinaplgz\" Info.json src)\nrm -rf \"$RESOURCE_DIR/CineLark.iinaplugin\"\nmkdir -p \"$RESOURCE_DIR/CineLark.iinaplugin\"\n/usr/bin/ditto \"$ROOT/plugins/iina/Info.json\" \"$RESOURCE_DIR/CineLark.iinaplugin/Info.json\"\n/usr/bin/ditto \"$ROOT/plugins/iina/src\" \"$RESOURCE_DIR/CineLark.iinaplugin/src\"\n\nif [[ \"${CODE_SIGNING_ALLOWED:-YES}\" != \"NO\" && -n \"${EXPANDED_CODE_SIGN_IDENTITY:-}\" && \"${EXPANDED_CODE_SIGN_IDENTITY}\" != \"-\" ]]; then\n  /usr/bin/codesign --force --sign \"$EXPANDED_CODE_SIGN_IDENTITY\" --options runtime --timestamp=none \"$HELPER_DIR/CineLarkGateway\"\nfi\n";
		};
/* End PBXShellScriptBuildPhase section */

/* Begin PBXSourcesBuildPhase section */
		2BD2F5D99F773CB80FE9680A /* Sources */ = {
			isa = PBXSourcesBuildPhase;
			buildActionMask = 2147483647;
			files = (
				EF43F60C5072DADF24BA1C45 /* AppFeature.swift in Sources */,
				D4A3375820C95BFF5B7AA2F7 /* AppLanguage.swift in Sources */,
				AD35F8FB63FF52A556814D76 /* ArtworkView.swift in Sources */,
				B66DCBFC161D52E2F3E105B2 /* CacheClient.swift in Sources */,
				A06B9DC0BD495F055D07289C /* CacheFeature.swift in Sources */,
				F331C69F1CE8A81083D7126B /* CacheSettingsView.swift in Sources */,
				60E87CBD296DBB0002DBE6AF /* CatalogLibraryViews.swift in Sources */,
				11E3F99E5967705FE89E49D9 /* CatalogMediaDetailView.swift in Sources */,
				960EB8C065B6371FC7BE7795 /* CatalogPersonDetailView.swift in Sources */,
				FB38130CCDF118323233623C /* CineLarkApp.swift in Sources */,
				EF4E62F26D7A69E13E8531B9 /* CineLarkAppDelegate.swift in Sources */,
				BD2B0437A28E2E7431E58D04 /* CineLarkBrandMark.swift in Sources */,
				7650F3757844A96D543171D3 /* CineLarkSettingsView.swift in Sources */,
				0FBA55BD2D5A9E90186B12A9 /* ImagePipeline.swift in Sources */,
				D87EA7C5E146B8CC38BA3CE0 /* InsightsClient.swift in Sources */,
				FDBDFC4BE924330ACA55681F /* InsightsFeature.swift in Sources */,
				8DFAB7061F5A026730AE9BE7 /* InsightsView.swift in Sources */,
				D9A6D26E54F24FD83C78A2CB /* InteractiveStyles.swift in Sources */,
				AB1FA9650C4D01D6B3062FCA /* LibraryFeature.swift in Sources */,
				1B7F01EBA86DBED26D6882EA /* LibraryView.swift in Sources */,
				E0FD14EF20191C638ADD81B9 /* MediaCard.swift in Sources */,
				BE316598EA15FDB3B0142452 /* MediaContextEnvironment.swift in Sources */,
				C97C9FBA6C11B63048E5E510 /* MediaDetailFeature.swift in Sources */,
				2463788D3183E8D22727C692 /* MediaFormatting.swift in Sources */,
				BFF55C8B9525BAB42F86B196 /* MediaPlatformClient.swift in Sources */,
				CDA4EFDF1922935BB54F169E /* NavigationFeature.swift in Sources */,
				3904F94F9D86651D84E1B120 /* PersonDetailFeature.swift in Sources */,
				7FD6FC460F299A30B2CF86E3 /* PlaybackEngineClient.swift in Sources */,
				B4998074AD9C965119C43208 /* PlaybackFeature.swift in Sources */,
				13630BBC29C3C492B4654364 /* ProfileClient.swift in Sources */,
				1B92BA3171C2C64DEBDD3F98 /* ProfileFeature.swift in Sources */,
				DF00A4DFAE78797CF8121F51 /* RemoteClient.swift in Sources */,
				F572ACAB3B95DE4822E99C94 /* RemoteCoordinator.swift in Sources */,
				3DC480A34A2E9F941798EC78 /* RemoteFeature.swift in Sources */,
				37C2F41B8BAEFD7604131113 /* RemoteNetworkAddress.swift in Sources */,
				24DC5BDFA79938311FD1F619 /* RemotePanelDismissalRegistry.swift in Sources */,
				480AB07562B599BBE5221A35 /* RemoteSettingsView.swift in Sources */,
				AFDA797DE940F64692C23F6C /* RemoteTextInputCoordinator.swift in Sources */,
				FB650FF02184DCAD4CB1DED2 /* RootView.swift in Sources */,
				4987EEDADE0D28BDCBF0B837 /* SearchFeature.swift in Sources */,
				6BBD5F518C903329BDE07471 /* SearchView.swift in Sources */,
				0B93F6D1056AE1362FE8965C /* ShortcutSystem.swift in Sources */,
				E4CE3CB8193DD43DDAB5A5C8 /* SourceFeature.swift in Sources */,
				0B8F19BA2F6DD3B705F36AE4 /* SourceManagerView.swift in Sources */,
				9F58F9BAE526FBA7C72D2E66 /* SparkleUpdateViews.swift in Sources */,
			);
			runOnlyForDeploymentPostprocessing = 0;
		};
		9F8FD557FAB145A7CB8E94C4 /* Sources */ = {
			isa = PBXSourcesBuildPhase;
			buildActionMask = 2147483647;
			files = (
				D449539E42C6AAB50207B561 /* AppFeatureTests.swift in Sources */,
				2018937F5ABAD73AF2A1A1D7 /* CacheFeatureTests.swift in Sources */,
				D6801076D0A0DB015F0E3D44 /* InsightsFeatureTests.swift in Sources */,
				45E2048B8A2A19D95ED13C04 /* LibraryFeatureTests.swift in Sources */,
				45EDA20FCB91403283F022C5 /* NavigationFeatureTests.swift in Sources */,
				37831B90F652ABEDC3B9AD6E /* PersonDetailFeatureTests.swift in Sources */,
				50C2E4C621EE14A3F8FC8F8C /* PlaybackFeatureTests.swift in Sources */,
				1DDACF1A31BC94722C7EC0A0 /* ProfileFeatureTests.swift in Sources */,
				6117EFABC0800D3F9BF6EE20 /* RemoteFeatureTests.swift in Sources */,
				F2C14971F92D729F13D53F3C /* RemoteNetworkAddressTests.swift in Sources */,
				BB6D0C0DE61F072000488C29 /* RemotePanelDismissalRegistryTests.swift in Sources */,
				5126FC38625ABCF0CE1B2750 /* RemoteTextInputCoordinatorTests.swift in Sources */,
				C9B599AE3BE2BE2FB76083B8 /* SearchFeatureTests.swift in Sources */,
			);
			runOnlyForDeploymentPostprocessing = 0;
		};
/* End PBXSourcesBuildPhase section */

/* Begin PBXTargetDependency section */
		30D21C07B7EDDC3487B12282 /* PBXTargetDependency */ = {
			isa = PBXTargetDependency;
			target = B2701EC98C811CAD1D5C76B6 /* CineLark */;
			targetProxy = 09BC705149D1DEDEA167F379 /* PBXContainerItemProxy */;
		};
/* End PBXTargetDependency section */

/* Begin PBXVariantGroup section */
		E717D917BD15FA54CE607D7F /* Localizable.strings */ = {
			isa = PBXVariantGroup;
			children = (
				5453DD1F20CC657FE244EC32 /* en */,
				6EB4E7379D1569F779BAF6CF /* zh-Hans */,
			);
			name = Localizable.strings;
			sourceTree = "<group>";
		};
/* End PBXVariantGroup section */

/* Begin XCBuildConfiguration section */
		00C6F3E5A9211CDD3E1DFF88 /* Release */ = {
			isa = XCBuildConfiguration;
			buildSettings = {
				ALWAYS_SEARCH_USER_PATHS = NO;
				CLANG_ANALYZER_NONNULL = YES;
				CLANG_ANALYZER_NUMBER_OBJECT_CONVERSION = YES_AGGRESSIVE;
				CLANG_CXX_LANGUAGE_STANDARD = "gnu++14";
				CLANG_CXX_LIBRARY = "libc++";
				CLANG_ENABLE_MODULES = YES;
				CLANG_ENABLE_OBJC_ARC = YES;
				CLANG_ENABLE_OBJC_WEAK = YES;
				CLANG_WARN_BLOCK_CAPTURE_AUTORELEASING = YES;
				CLANG_WARN_BOOL_CONVERSION = YES;
				CLANG_WARN_COMMA = YES;
				CLANG_WARN_CONSTANT_CONVERSION = YES;
				CLANG_WARN_DEPRECATED_OBJC_IMPLEMENTATIONS = YES;
				CLANG_WARN_DIRECT_OBJC_ISA_USAGE = YES_ERROR;
				CLANG_WARN_DOCUMENTATION_COMMENTS = YES;
				CLANG_WARN_EMPTY_BODY = YES;
				CLANG_WARN_ENUM_CONVERSION = YES;
				CLANG_WARN_INFINITE_RECURSION = YES;
				CLANG_WARN_INT_CONVERSION = YES;
				CLANG_WARN_NON_LITERAL_NULL_CONVERSION = YES;
				CLANG_WARN_OBJC_IMPLICIT_RETAIN_SELF = YES;
				CLANG_WARN_OBJC_LITERAL_CONVERSION = YES;
				CLANG_WARN_OBJC_ROOT_CLASS = YES_ERROR;
				CLANG_WARN_QUOTED_INCLUDE_IN_FRAMEWORK_HEADER = YES;
				CLANG_WARN_RANGE_LOOP_ANALYSIS = YES;
				CLANG_WARN_STRICT_PROTOTYPES = YES;
				CLANG_WARN_SUSPICIOUS_MOVE = YES;
				CLANG_WARN_UNGUARDED_AVAILABILITY = YES_AGGRESSIVE;
				CLANG_WARN_UNREACHABLE_CODE = YES;
				CLANG_WARN__DUPLICATE_METHOD_MATCH = YES;
				CODE_SIGN_STYLE = Automatic;
				COPY_PHASE_STRIP = NO;
				CURRENT_PROJECT_VERSION = 11;
				DEBUG_INFORMATION_FORMAT = "dwarf-with-dsym";
				DEVELOPMENT_TEAM = 4B8LRMN347;
				ENABLE_HARDENED_RUNTIME = YES;
				ENABLE_NS_ASSERTIONS = NO;
				ENABLE_STRICT_OBJC_MSGSEND = YES;
				GCC_C_LANGUAGE_STANDARD = gnu11;
				GCC_NO_COMMON_BLOCKS = YES;
				GCC_WARN_64_TO_32_BIT_CONVERSION = YES;
				GCC_WARN_ABOUT_RETURN_TYPE = YES_ERROR;
				GCC_WARN_UNDECLARED_SELECTOR = YES;
				GCC_WARN_UNINITIALIZED_AUTOS = YES_AGGRESSIVE;
				GCC_WARN_UNUSED_FUNCTION = YES;
				GCC_WARN_UNUSED_VARIABLE = YES;
				MACOSX_DEPLOYMENT_TARGET = 26.0;
				MARKETING_VERSION = 0.1.10;
				MTL_ENABLE_DEBUG_INFO = NO;
				MTL_FAST_MATH = YES;
				PRODUCT_NAME = "$(TARGET_NAME)";
				SDKROOT = macosx;
				SWIFT_COMPILATION_MODE = wholemodule;
				SWIFT_OPTIMIZATION_LEVEL = "-O";
				SWIFT_STRICT_CONCURRENCY = complete;
				SWIFT_VERSION = 6.0;
			};
			name = Release;
		};
		281D2B3B1842AB30CDD936EA /* Release */ = {
			isa = XCBuildConfiguration;
			buildSettings = {
				BUNDLE_LOADER = "$(TEST_HOST)";
				COMBINE_HIDPI_IMAGES = YES;
				GENERATE_INFOPLIST_FILE = YES;
				LD_RUNPATH_SEARCH_PATHS = (
					"$(inherited)",
					"@executable_path/../Frameworks",
					"@loader_path/../Frameworks",
				);
				PRODUCT_BUNDLE_IDENTIFIER = com.samsonlab.cinelark.tests;
				SDKROOT = macosx;
				TEST_HOST = "$(BUILT_PRODUCTS_DIR)/CineLark.app/Contents/MacOS/CineLark";
			};
			name = Release;
		};
		87152E32D1E8270145689EA1 /* Debug */ = {
			isa = XCBuildConfiguration;
			buildSettings = {
				ASSETCATALOG_COMPILER_APPICON_NAME = AppIcon;
				CODE_SIGN_ENTITLEMENTS = CineLark.entitlements;
				COMBINE_HIDPI_IMAGES = YES;
				ENABLE_PREVIEWS = YES;
				GENERATE_INFOPLIST_FILE = NO;
				INFOPLIST_FILE = Resources/Info.plist;
				LD_RUNPATH_SEARCH_PATHS = (
					"$(inherited)",
					"@executable_path/../Frameworks",
				);
				PRODUCT_BUNDLE_IDENTIFIER = com.samsonlab.cinelark;
				PRODUCT_NAME = CineLark;
				SDKROOT = macosx;
			};
			name = Debug;
		};
		D16F7022A10ABD728E48DD12 /* Debug */ = {
			isa = XCBuildConfiguration;
			buildSettings = {
				BUNDLE_LOADER = "$(TEST_HOST)";
				COMBINE_HIDPI_IMAGES = YES;
				GENERATE_INFOPLIST_FILE = YES;
				LD_RUNPATH_SEARCH_PATHS = (
					"$(inherited)",
					"@executable_path/../Frameworks",
					"@loader_path/../Frameworks",
				);
				PRODUCT_BUNDLE_IDENTIFIER = com.samsonlab.cinelark.tests;
				SDKROOT = macosx;
				TEST_HOST = "$(BUILT_PRODUCTS_DIR)/CineLark.app/Contents/MacOS/CineLark";
			};
			name = Debug;
		};
		DC5098C954FD35DB96539EAE /* Debug */ = {
			isa = XCBuildConfiguration;
			buildSettings = {
				ALWAYS_SEARCH_USER_PATHS = NO;
				CLANG_ANALYZER_NONNULL = YES;
				CLANG_ANALYZER_NUMBER_OBJECT_CONVERSION = YES_AGGRESSIVE;
				CLANG_CXX_LANGUAGE_STANDARD = "gnu++14";
				CLANG_CXX_LIBRARY = "libc++";
				CLANG_ENABLE_MODULES = YES;
				CLANG_ENABLE_OBJC_ARC = YES;
				CLANG_ENABLE_OBJC_WEAK = YES;
				CLANG_WARN_BLOCK_CAPTURE_AUTORELEASING = YES;
				CLANG_WARN_BOOL_CONVERSION = YES;
				CLANG_WARN_COMMA = YES;
				CLANG_WARN_CONSTANT_CONVERSION = YES;
				CLANG_WARN_DEPRECATED_OBJC_IMPLEMENTATIONS = YES;
				CLANG_WARN_DIRECT_OBJC_ISA_USAGE = YES_ERROR;
				CLANG_WARN_DOCUMENTATION_COMMENTS = YES;
				CLANG_WARN_EMPTY_BODY = YES;
				CLANG_WARN_ENUM_CONVERSION = YES;
				CLANG_WARN_INFINITE_RECURSION = YES;
				CLANG_WARN_INT_CONVERSION = YES;
				CLANG_WARN_NON_LITERAL_NULL_CONVERSION = YES;
				CLANG_WARN_OBJC_IMPLICIT_RETAIN_SELF = YES;
				CLANG_WARN_OBJC_LITERAL_CONVERSION = YES;
				CLANG_WARN_OBJC_ROOT_CLASS = YES_ERROR;
				CLANG_WARN_QUOTED_INCLUDE_IN_FRAMEWORK_HEADER = YES;
				CLANG_WARN_RANGE_LOOP_ANALYSIS = YES;
				CLANG_WARN_STRICT_PROTOTYPES = YES;
				CLANG_WARN_SUSPICIOUS_MOVE = YES;
				CLANG_WARN_UNGUARDED_AVAILABILITY = YES_AGGRESSIVE;
				CLANG_WARN_UNREACHABLE_CODE = YES;
				CLANG_WARN__DUPLICATE_METHOD_MATCH = YES;
				CODE_SIGN_STYLE = Automatic;
				COPY_PHASE_STRIP = NO;
				CURRENT_PROJECT_VERSION = 11;
				DEBUG_INFORMATION_FORMAT = dwarf;
				DEVELOPMENT_TEAM = 4B8LRMN347;
				ENABLE_HARDENED_RUNTIME = YES;
				ENABLE_STRICT_OBJC_MSGSEND = YES;
				ENABLE_TESTABILITY = YES;
				GCC_C_LANGUAGE_STANDARD = gnu11;
				GCC_DYNAMIC_NO_PIC = NO;
				GCC_NO_COMMON_BLOCKS = YES;
				GCC_OPTIMIZATION_LEVEL = 0;
				GCC_PREPROCESSOR_DEFINITIONS = (
					"$(inherited)",
					"DEBUG=1",
				);
				GCC_WARN_64_TO_32_BIT_CONVERSION = YES;
				GCC_WARN_ABOUT_RETURN_TYPE = YES_ERROR;
				GCC_WARN_UNDECLARED_SELECTOR = YES;
				GCC_WARN_UNINITIALIZED_AUTOS = YES_AGGRESSIVE;
				GCC_WARN_UNUSED_FUNCTION = YES;
				GCC_WARN_UNUSED_VARIABLE = YES;
				MACOSX_DEPLOYMENT_TARGET = 26.0;
				MARKETING_VERSION = 0.1.10;
				MTL_ENABLE_DEBUG_INFO = INCLUDE_SOURCE;
				MTL_FAST_MATH = YES;
				ONLY_ACTIVE_ARCH = YES;
				PRODUCT_NAME = "$(TARGET_NAME)";
				SDKROOT = macosx;
				SWIFT_ACTIVE_COMPILATION_CONDITIONS = DEBUG;
				SWIFT_OPTIMIZATION_LEVEL = "-Onone";
				SWIFT_STRICT_CONCURRENCY = complete;
				SWIFT_VERSION = 6.0;
			};
			name = Debug;
		};
		E95B76B9AF0478C9E7AF5F27 /* Release */ = {
			isa = XCBuildConfiguration;
			buildSettings = {
				ASSETCATALOG_COMPILER_APPICON_NAME = AppIcon;
				CODE_SIGN_ENTITLEMENTS = CineLark.entitlements;
				COMBINE_HIDPI_IMAGES = YES;
				ENABLE_PREVIEWS = YES;
				GENERATE_INFOPLIST_FILE = NO;
				INFOPLIST_FILE = Resources/Info.plist;
				LD_RUNPATH_SEARCH_PATHS = (
					"$(inherited)",
					"@executable_path/../Frameworks",
				);
				PRODUCT_BUNDLE_IDENTIFIER = com.samsonlab.cinelark;
				PRODUCT_NAME = CineLark;
				SDKROOT = macosx;
			};
			name = Release;
		};
/* End XCBuildConfiguration section */

/* Begin XCConfigurationList section */
		41495EDA91181E7BB8024BBD /* Build configuration list for PBXProject "CineLark" */ = {
			isa = XCConfigurationList;
			buildConfigurations = (
				DC5098C954FD35DB96539EAE /* Debug */,
				00C6F3E5A9211CDD3E1DFF88 /* Release */,
			);
			defaultConfigurationIsVisible = 0;
			defaultConfigurationName = Debug;
		};
		93D2E70ECC7D23B201141482 /* Build configuration list for PBXNativeTarget "CineLark" */ = {
			isa = XCConfigurationList;
			buildConfigurations = (
				87152E32D1E8270145689EA1 /* Debug */,
				E95B76B9AF0478C9E7AF5F27 /* Release */,
			);
			defaultConfigurationIsVisible = 0;
			defaultConfigurationName = Debug;
		};
		BEAAACBE5F1EECA15AC936CD /* Build configuration list for PBXNativeTarget "CineLarkTests" */ = {
			isa = XCConfigurationList;
			buildConfigurations = (
				D16F7022A10ABD728E48DD12 /* Debug */,
				281D2B3B1842AB30CDD936EA /* Release */,
			);
			defaultConfigurationIsVisible = 0;
			defaultConfigurationName = Debug;
		};
/* End XCConfigurationList section */

/* Begin XCLocalSwiftPackageReference section */
		1A4251650E4F085C04F20600 /* XCLocalSwiftPackageReference "../../packages/apple/CineLarkKit" */ = {
			isa = XCLocalSwiftPackageReference;
			relativePath = ../../packages/apple/CineLarkKit;
		};
/* End XCLocalSwiftPackageReference section */

/* Begin XCRemoteSwiftPackageReference section */
		1BD70C7F06E98826E21B12CB /* XCRemoteSwiftPackageReference "Kingfisher" */ = {
			isa = XCRemoteSwiftPackageReference;
			repositoryURL = "https://github.com/onevcat/Kingfisher.git";
			requirement = {
				kind = upToNextMajorVersion;
				minimumVersion = 8.11.0;
			};
		};
		1E1B1739F43B06B77FCE51C6 /* XCRemoteSwiftPackageReference "Sparkle" */ = {
			isa = XCRemoteSwiftPackageReference;
			repositoryURL = "https://github.com/sparkle-project/Sparkle.git";
			requirement = {
				kind = exactVersion;
				version = 2.9.2;
			};
		};
		AF6E7EFC1B93280EC3A3A46C /* XCRemoteSwiftPackageReference "swift-composable-architecture" */ = {
			isa = XCRemoteSwiftPackageReference;
			repositoryURL = "https://github.com/pointfreeco/swift-composable-architecture.git";
			requirement = {
				kind = exactVersion;
				version = 1.26.1;
			};
		};
/* End XCRemoteSwiftPackageReference section */

/* Begin XCSwiftPackageProductDependency section */
		04837E25759D13DE17309CDB /* CineLarkUHDNow */ = {
			isa = XCSwiftPackageProductDependency;
			productName = CineLarkUHDNow;
		};
		0DF4E3AD538E0D86CCDBFF48 /* CineLarkPersistence */ = {
			isa = XCSwiftPackageProductDependency;
			productName = CineLarkPersistence;
		};
		522AA628FF213923A1A29558 /* CineLarkProfile */ = {
			isa = XCSwiftPackageProductDependency;
			productName = CineLarkProfile;
		};
		61FCA7C23186B524EDA5D2A3 /* CineLarkPluginAPI */ = {
			isa = XCSwiftPackageProductDependency;
			productName = CineLarkPluginAPI;
		};
		76C30DEFEA4BD9573ED5ACE2 /* CineLarkEmby */ = {
			isa = XCSwiftPackageProductDependency;
			productName = CineLarkEmby;
		};
		8EA55C2C2EAB1572004F61D1 /* Sparkle */ = {
			isa = XCSwiftPackageProductDependency;
			package = 1E1B1739F43B06B77FCE51C6 /* XCRemoteSwiftPackageReference "Sparkle" */;
			productName = Sparkle;
		};
		A5F41B63B64DD1A1C43C5065 /* CineLarkInsights */ = {
			isa = XCSwiftPackageProductDependency;
			productName = CineLarkInsights;
		};
		A749D953D7ACF6BC4D462B11 /* CineLarkDomain */ = {
			isa = XCSwiftPackageProductDependency;
			productName = CineLarkDomain;
		};
		AA501AC6C8C7D61D9DA24810 /* CineLarkPlayback */ = {
			isa = XCSwiftPackageProductDependency;
			productName = CineLarkPlayback;
		};
		D41B1256FCBEC65488513032 /* CineLarkGateway */ = {
			isa = XCSwiftPackageProductDependency;
			productName = CineLarkGateway;
		};
		DA39EA08D22C8CAC956A0432 /* CineLarkRemote */ = {
			isa = XCSwiftPackageProductDependency;
			productName = CineLarkRemote;
		};
		E2A406AD72EA115EBB7078DF /* ComposableArchitecture */ = {
			isa = XCSwiftPackageProductDependency;
			package = AF6E7EFC1B93280EC3A3A46C /* XCRemoteSwiftPackageReference "swift-composable-architecture" */;
			productName = ComposableArchitecture;
		};
		E6C9969F909E6E89FA05FD2C /* Kingfisher */ = {
			isa = XCSwiftPackageProductDependency;
			package = 1BD70C7F06E98826E21B12CB /* XCRemoteSwiftPackageReference "Kingfisher" */;
			productName = Kingfisher;
		};
		ED44BD808BB494C9D11A6443 /* CineLarkCatalog */ = {
			isa = XCSwiftPackageProductDependency;
			productName = CineLarkCatalog;
		};
/* End XCSwiftPackageProductDependency section */
	};
	rootObject = F34B76E53EBC8AEB1DD7B199 /* Project object */;
}
